// !$*UTF8*$!
{
	archiveVersion = 1;
	classes = {
	};
	objectVersion = 46;
	objects = {

/* Begin PBXBuildFile section */
		2EF14CBE19FB80D000FFB904 /* main.m in Sources */ = {isa = PBXBuildFile; fileRef = 2EF14CBD19FB80D000FFB904 /* main.m */; };
		2EF14CC119FB80D000FFB904 /* AppDelegate.m in Sources */ = {isa = PBXBuildFile; fileRef = 2EF14CC019FB80D000FFB904 /* AppDelegate.m */; };
		2EF14CC719FB80D000FFB904 /* TimerViewController.m in Sources */ = {isa = PBXBuildFile; fileRef = 2EF14CC619FB80D000FFB904 /* TimerViewController.m */; };
		2EF14CDB19FB80D100FFB904 /* TimerAppDemoTests.m in Sources */ = {isa = PBXBuildFile; fileRef = 2EF14CDA19FB80D100FFB904 /* TimerAppDemoTests.m */; };
		2EF14CE619FB81C000FFB904 /* Task.m in Sources */ = {isa = PBXBuildFile; fileRef = 2EF14CE519FB81C000FFB904 /* Task.m */; };
		2EF14CE819FB84E500FFB904 /* Images.xcassets in Resources */ = {isa = PBXBuildFile; fileRef = 2EF14CE719FB84E500FFB904 /* Images.xcassets */; };
		2EF14CED19FB864200FFB904 /* TaskTableViewCell.m in Sources */ = {isa = PBXBuildFile; fileRef = 2EF14CEC19FB864200FFB904 /* TaskTableViewCell.m */; };
		2EF14CF319FB865B00FFB904 /* MGSwipeButton.m in Sources */ = {isa = PBXBuildFile; fileRef = 2EF14CF019FB865B00FFB904 /* MGSwipeButton.m */; };
		2EF14CF419FB865B00FFB904 /* MGSwipeTableCell.m in Sources */ = {isa = PBXBuildFile; fileRef = 2EF14CF219FB865B00FFB904 /* MGSwipeTableCell.m */; };
/* End PBXBuildFile section */

/* Begin PBXContainerItemProxy section */
		2EF14CD519FB80D100FFB904 /* PBXContainerItemProxy */ = {
			isa = PBXContainerItemProxy;
			containerPortal = 2EF14CB019FB80D000FFB904 /* Project object */;
			proxyType = 1;
			remoteGlobalIDString = 2EF14CB719FB80D000FFB904;
			remoteInfo = TimerAppDemo;
		};
/* End PBXContainerItemProxy section */

/* Begin PBXFileReference section */
		2EF14CB819FB80D000FFB904 /* TimerAppDemo.app */ = {isa = PBXFileReference; explicitFileType = wrapper.application; includeInIndex = 0; path = TimerAppDemo.app; sourceTree = BUILT_PRODUCTS_DIR; };
		2EF14CBC19FB80D000FFB904 /* Info.plist */ = {isa = PBXFileReference; lastKnownFileType = text.plist.xml; path = Info.plist; sourceTree = "<group>"; };
		2EF14CBD19FB80D000FFB904 /* main.m */ = {isa = PBXFileReference; lastKnownFileType = sourcecode.c.objc; path = main.m; sourceTree = "<group>"; };
		2EF14CBF19FB80D000FFB904 /* AppDelegate.h */ = {isa = PBXFileReference; lastKnownFileType = sourcecode.c.h; path = AppDelegate.h; sourceTree = "<group>"; };
		2EF14CC019FB80D000FFB904 /* AppDelegate.m */ = {isa = PBXFileReference; lastKnownFileType = sourcecode.c.objc; path = AppDelegate.m; sourceTree = "<group>"; };
		2EF14CC519FB80D000FFB904 /* TimerViewController.h */ = {isa = PBXFileReference; lastKnownFileType = sourcecode.c.h; path = TimerViewController.h; sourceTree = "<group>"; };
		2EF14CC619FB80D000FFB904 /* TimerViewController.m */ = {isa = PBXFileReference; lastKnownFileType = sourcecode.c.objc; path = TimerViewController.m; sourceTree = "<group>"; };
		2EF14CD419FB80D100FFB904 /* TimerAppDemoTests.xctest */ = {isa = PBXFileReference; explicitFileType = wrapper.cfbundle; includeInIndex = 0; path = TimerAppDemoTests.xctest; sourceTree = BUILT_PRODUCTS_DIR; };
		2EF14CD919FB80D100FFB904 /* Info.plist */ = {isa = PBXFileReference; lastKnownFileType = text.plist.xml; path = Info.plist; sourceTree = "<group>"; };
		2EF14CDA19FB80D100FFB904 /* TimerAppDemoTests.m */ = {isa = PBXFileReference; lastKnownFileType = sourcecode.c.objc; path = TimerAppDemoTests.m; sourceTree = "<group>"; };
		2EF14CE419FB81C000FFB904 /* Task.h */ = {isa = PBXFileReference; fileEncoding = 4; lastKnownFileType = sourcecode.c.h; path = Task.h; sourceTree = "<group>"; };
		2EF14CE519FB81C000FFB904 /* Task.m */ = {isa = PBXFileReference; fileEncoding = 4; lastKnownFileType = sourcecode.c.objc; path = Task.m; sourceTree = "<group>"; };
		2EF14CE719FB84E500FFB904 /* Images.xcassets */ = {isa = PBXFileReference; lastKnownFileType = folder.assetcatalog; path = Images.xcassets; sourceTree = "<group>"; };
		2EF14CEB19FB864200FFB904 /* TaskTableViewCell.h */ = {isa = PBXFileReference; fileEncoding = 4; lastKnownFileType = sourcecode.c.h; path = TaskTableViewCell.h; sourceTree = "<group>"; };
		2EF14CEC19FB864200FFB904 /* TaskTableViewCell.m */ = {isa = PBXFileReference; fileEncoding = 4; lastKnownFileType = sourcecode.c.objc; path = TaskTableViewCell.m; sourceTree = "<group>"; };
		2EF14CEF19FB865B00FFB904 /* MGSwipeButton.h */ = {isa = PBXFileReference; fileEncoding = 4; lastKnownFileType = sourcecode.c.h; path = MGSwipeButton.h; sourceTree = "<group>"; };
		2EF14CF019FB865B00FFB904 /* MGSwipeButton.m */ = {isa = PBXFileReference; fileEncoding = 4; lastKnownFileType = sourcecode.c.objc; path = MGSwipeButton.m; sourceTree = "<group>"; };
		2EF14CF119FB865B00FFB904 /* MGSwipeTableCell.h */ = {isa = PBXFileReference; fileEncoding = 4; lastKnownFileType = sourcecode.c.h; path = MGSwipeTableCell.h; sourceTree = "<group>"; };
		2EF14CF219FB865B00FFB904 /* MGSwipeTableCell.m */ = {isa = PBXFileReference; fileEncoding = 4; lastKnownFileType = sourcecode.c.objc; path = MGSwipeTableCell.m; sourceTree = "<group>"; };
/* End PBXFileReference section */

/* Begin PBXFrameworksBuildPhase section */
		2EF14CB519FB80D000FFB904 /* Frameworks */ = {
			isa = PBXFrameworksBuildPhase;
			buildActionMask = 2147483647;
			files = (
			);
			runOnlyForDeploymentPostprocessing = 0;
		};
		2EF14CD119FB80D100FFB904 /* Frameworks */ = {
			isa = PBXFrameworksBuildPhase;
			buildActionMask = 2147483647;
			files = (
			);
			runOnlyForDeploymentPostprocessing = 0;
		};
/* End PBXFrameworksBuildPhase section */

/* Begin PBXGroup section */
		2EF14CAF19FB80D000FFB904 = {
			isa = PBXGroup;
			children = (
				2EF14CEE19FB865B00FFB904 /* MGSwipeTableCell */,
				2EF14CBA19FB80D000FFB904 /* TimerAppDemo */,
				2EF14CD719FB80D100FFB904 /* TimerAppDemoTests */,
				2EF14CB919FB80D000FFB904 /* Products */,
			);
			sourceTree = "<group>";
		};
		2EF14CB919FB80D000FFB904 /* Products */ = {
			isa = PBXGroup;
			children = (
				2EF14CB819FB80D000FFB904 /* TimerAppDemo.app */,
				2EF14CD419FB80D100FFB904 /* TimerAppDemoTests.xctest */,
			);
			name = Products;
			sourceTree = "<group>";
		};
		2EF14CBA19FB80D000FFB904 /* TimerAppDemo */ = {
			isa = PBXGroup;
			children = (
				2EF14CEB19FB864200FFB904 /* TaskTableViewCell.h */,
				2EF14CEC19FB864200FFB904 /* TaskTableViewCell.m */,
				2EF14CE419FB81C000FFB904 /* Task.h */,
				2EF14CE519FB81C000FFB904 /* Task.m */,
				2EF14CBF19FB80D000FFB904 /* AppDelegate.h */,
				2EF14CC019FB80D000FFB904 /* AppDelegate.m */,
				2EF14CC519FB80D000FFB904 /* TimerViewController.h */,
				2EF14CC619FB80D000FFB904 /* TimerViewController.m */,
				2EF14CE719FB84E500FFB904 /* Images.xcassets */,
				2EF14CBB19FB80D000FFB904 /* Supporting Files */,
			);
			path = TimerAppDemo;
			sourceTree = "<group>";
		};
		2EF14CBB19FB80D000FFB904 /* Supporting Files */ = {
			isa = PBXGroup;
			children = (
				2EF14CBC19FB80D000FFB904 /* Info.plist */,
				2EF14CBD19FB80D000FFB904 /* main.m */,
			);
			name = "Supporting Files";
			sourceTree = "<group>";
		};
		2EF14CD719FB80D100FFB904 /* TimerAppDemoTests */ = {
			isa = PBXGroup;
			children = (
				2EF14CDA19FB80D100FFB904 /* TimerAppDemoTests.m */,
				2EF14CD819FB80D100FFB904 /* Supporting Files */,
			);
			path = TimerAppDemoTests;
			sourceTree = "<group>";
		};
		2EF14CD819FB80D100FFB904 /* Supporting Files */ = {
			isa = PBXGroup;
			children = (
				2EF14CD919FB80D100FFB904 /* Info.plist */,
			);
			name = "Supporting Files";
			sourceTree = "<group>";
		};
		2EF14CEE19FB865B00FFB904 /* MGSwipeTableCell */ = {
			isa = PBXGroup;
			children = (
				2EF14CEF19FB865B00FFB904 /* MGSwipeButton.h */,
				2EF14CF019FB865B00FFB904 /* MGSwipeButton.m */,
				2EF14CF119FB865B00FFB904 /* MGSwipeTableCell.h */,
				2EF14CF219FB865B00FFB904 /* MGSwipeTableCell.m */,
			);
			name = MGSwipeTableCell;
			path = ../../MGSwipeTableCell;
			sourceTree = "<group>";
		};
/* End PBXGroup section */

/* Begin PBXNativeTarget section */
		2EF14CB719FB80D000FFB904 /* TimerAppDemo */ = {
			isa = PBXNativeTarget;
			buildConfigurationList = 2EF14CDE19FB80D100FFB904 /* Build configuration list for PBXNativeTarget "TimerAppDemo" */;
			buildPhases = (
				2EF14CB419FB80D000FFB904 /* Sources */,
				2EF14CB519FB80D000FFB904 /* Frameworks */,
				2EF14CB619FB80D000FFB904 /* Resources */,
			);
			buildRules = (
			);
			dependencies = (
			);
			name = TimerAppDemo;
			productName = TimerAppDemo;
			productReference = 2EF14CB819FB80D000FFB904 /* TimerAppDemo.app */;
			productType = "com.apple.product-type.application";
		};
		2EF14CD319FB80D100FFB904 /* TimerAppDemoTests */ = {
			isa = PBXNativeTarget;
			buildConfigurationList = 2EF14CE119FB80D100FFB904 /* Build configuration list for PBXNativeTarget "TimerAppDemoTests" */;
			buildPhases = (
				2EF14CD019FB80D100FFB904 /* Sources */,
				2EF14CD119FB80D100FFB904 /* Frameworks */,
				2EF14CD219FB80D100FFB904 /* Resources */,
			);
			buildRules = (
			);
			dependencies = (
				2EF14CD619FB80D100FFB904 /* PBXTargetDependency */,
			);
			name = TimerAppDemoTests;
			productName = TimerAppDemoTests;
			productReference = 2EF14CD419FB80D100FFB904 /* TimerAppDemoTests.xctest */;
			productType = "com.apple.product-type.bundle.unit-test";
		};
/* End PBXNativeTarget section */

/* Begin PBXProject section */
		2EF14CB019FB80D000FFB904 /* Project object */ = {
			isa = PBXProject;
			attributes = {
				LastUpgradeCheck = 0610;
				ORGANIZATIONNAME = HJC;
				TargetAttributes = {
					2EF14CB719FB80D000FFB904 = {
						CreatedOnToolsVersion = 6.1;
					};
					2EF14CD319FB80D100FFB904 = {
						CreatedOnToolsVersion = 6.1;
						TestTargetID = 2EF14CB719FB80D000FFB904;
					};
				};
			};
			buildConfigurationList = 2EF14CB319FB80D000FFB904 /* Build configuration list for PBXProject "TimerAppDemo" */;
			compatibilityVersion = "Xcode 3.2";
			developmentRegion = English;
			hasScannedForEncodings = 0;
			knownRegions = (
				en,
				Base,
			);
			mainGroup = 2EF14CAF19FB80D000FFB904;
			productRefGroup = 2EF14CB919FB80D000FFB904 /* Products */;
			projectDirPath = "";
			projectRoot = "";
			targets = (
				2EF14CB719FB80D000FFB904 /* TimerAppDemo */,
				2EF14CD319FB80D100FFB904 /* TimerAppDemoTests */,
			);
		};
/* End PBXProject section */

/* Begin PBXResourcesBuildPhase section */
		2EF14CB619FB80D000FFB904 /* Resources */ = {
			isa = PBXResourcesBuildPhase;
			buildActionMask = 2147483647;
			files = (
				2EF14CE819FB84E500FFB904 /* Images.xcassets in Resources */,
			);
			runOnlyForDeploymentPostprocessing = 0;
		};
		2EF14CD219FB80D100FFB904 /* Resources */ = {
			isa = PBXResourcesBuildPhase;
			buildActionMask = 2147483647;
			files = (
			);
			runOnlyForDeploymentPostprocessing = 0;
		};
/* End PBXResourcesBuildPhase section */

/* Begin PBXSourcesBuildPhase section */
		2EF14CB419FB80D000FFB904 /* Sources */ = {
			isa = PBXSourcesBuildPhase;
			buildActionMask = 2147483647;
			files = (
				2EF14CF319FB865B00FFB904 /* MGSwipeButton.m in Sources */,
				2EF14CE619FB81C000FFB904 /* Task.m in Sources */,
				2EF14CED19FB864200FFB904 /* TaskTableViewCell.m in Sources */,
				2EF14CF419FB865B00FFB904 /* MGSwipeTableCell.m in Sources */,
				2EF14CC119FB80D000FFB904 /* AppDelegate.m in Sources */,
				2EF14CC719FB80D000FFB904 /* TimerViewController.m in Sources */,
				2EF14CBE19FB80D000FFB904 /* main.m in Sources */,
			);
			runOnlyForDeploymentPostprocessing = 0;
		};
		2EF14CD019FB80D100FFB904 /* Sources */ = {
			isa = PBXSourcesBuildPhase;
			buildActionMask = 2147483647;
			files = (
				2EF14CDB19FB80D100FFB904 /* TimerAppDemoTests.m in Sources */,
			);
			runOnlyForDeploymentPostprocessing = 0;
		};
/* End PBXSourcesBuildPhase section */

/* Begin PBXTargetDependency section */
		2EF14CD619FB80D100FFB904 /* PBXTargetDependency */ = {
			isa = PBXTargetDependency;
			target = 2EF14CB719FB80D000FFB904 /* TimerAppDemo */;
			targetProxy = 2EF14CD519FB80D100FFB904 /* PBXContainerItemProxy */;
		};
/* End PBXTargetDependency section */

/* Begin XCBuildConfiguration section */
		2EF14CDC19FB80D100FFB904 /* Debug */ = {
			isa = XCBuildConfiguration;
			buildSettings = {
				ALWAYS_SEARCH_USER_PATHS = NO;
				CLANG_CXX_LANGUAGE_STANDARD = "gnu++0x";
				CLANG_CXX_LIBRARY = "libc++";
				CLANG_ENABLE_MODULES = YES;
				CLANG_ENABLE_OBJC_ARC = YES;
				CLANG_WARN_BOOL_CONVERSION = YES;
				CLANG_WARN_CONSTANT_CONVERSION = YES;
				CLANG_WARN_DIRECT_OBJC_ISA_USAGE = YES_ERROR;
				CLANG_WARN_EMPTY_BODY = YES;
				CLANG_WARN_ENUM_CONVERSION = YES;
				CLANG_WARN_INT_CONVERSION = YES;
				CLANG_WARN_OBJC_ROOT_CLASS = YES_ERROR;
				CLANG_WARN_UNREACHABLE_CODE = YES;
				CLANG_WARN__DUPLICATE_METHOD_MATCH = YES;
				"CODE_SIGN_IDENTITY[sdk=iphoneos*]" = "iPhone Developer";
				COPY_PHASE_STRIP = NO;
				ENABLE_STRICT_OBJC_MSGSEND = YES;
				GCC_C_LANGUAGE_STANDARD = gnu99;
				GCC_DYNAMIC_NO_PIC = NO;
				GCC_OPTIMIZATION_LEVEL = 0;
				GCC_PREPROCESSOR_DEFINITIONS = (
					"DEBUG=1",
					"$(inherited)",
				);
				GCC_SYMBOLS_PRIVATE_EXTERN = NO;
				GCC_WARN_64_TO_32_BIT_CONVERSION = YES;
				GCC_WARN_ABOUT_RETURN_TYPE = YES_ERROR;
				GCC_WARN_UNDECLARED_SELECTOR = YES;
				GCC_WARN_UNINITIALIZED_AUTOS = YES_AGGRESSIVE;
				GCC_WARN_UNUSED_FUNCTION = YES;
				GCC_WARN_UNUSED_VARIABLE = YES;
				IPHONEOS_DEPLOYMENT_TARGET = 8.1;
				MTL_ENABLE_DEBUG_INFO = YES;
				ONLY_ACTIVE_ARCH = YES;
				SDKROOT = iphoneos;
				TARGETED_DEVICE_FAMILY = "1,2";
			};
			name = Debug;
		};
		2EF14CDD19FB80D100FFB904 /* Release */ = {
			isa = XCBuildConfiguration;
			buildSettings = {
				ALWAYS_SEARCH_USER_PATHS = NO;
				CLANG_CXX_LANGUAGE_STANDARD = "gnu++0x";
				CLANG_CXX_LIBRARY = "libc++";
				CLANG_ENABLE_MODULES = YES;
				CLANG_ENABLE_OBJC_ARC = YES;
				CLANG_WARN_BOOL_CONVERSION = YES;
				CLANG_WARN_CONSTANT_CONVERSION = YES;
				CLANG_WARN_DIRECT_OBJC_ISA_USAGE = YES_ERROR;
				CLANG_WARN_EMPTY_BODY = YES;
				CLANG_WARN_ENUM_CONVERSION = YES;
				CLANG_WARN_INT_CONVERSION = YES;
				CLANG_WARN_OBJC_ROOT_CLASS = YES_ERROR;
				CLANG_WARN_UNREACHABLE_CODE = YES;
				CLANG_WARN__DUPLICATE_METHOD_MATCH = YES;
				"CODE_SIGN_IDENTITY[sdk=iphoneos*]" = "iPhone Developer";
				COPY_PHASE_STRIP = YES;
				ENABLE_NS_ASSERTIONS = NO;
				ENABLE_STRICT_OBJC_MSGSEND = YES;
				GCC_C_LANGUAGE_STANDARD = gnu99;
				GCC_WARN_64_TO_32_BIT_CONVERSION = YES;
				GCC_WARN_ABOUT_RETURN_TYPE = YES_ERROR;
				GCC_WARN_UNDECLARED_SELECTOR = YES;
				GCC_WARN_UNINITIALIZED_AUTOS = YES_AGGRESSIVE;
				GCC_WARN_UNUSED_FUNCTION = YES;
				GCC_WARN_UNUSED_VARIABLE = YES;
				IPHONEOS_DEPLOYMENT_TARGET = 8.1;
				MTL_ENABLE_DEBUG_INFO = NO;
				SDKROOT = iphoneos;
				TARGETED_DEVICE_FAMILY = "1,2";
				VALIDATE_PRODUCT = YES;
			};
			name = Release;
		};
		2EF14CDF19FB80D100FFB904 /* Debug */ = {
			isa = XCBuildConfiguration;
			buildSettings = {
				ASSETCATALOG_COMPILER_APPICON_NAME = AppIcon;
				ASSETCATALOG_COMPILER_LAUNCHIMAGE_NAME = LaunchImage;
				INFOPLIST_FILE = TimerAppDemo/Info.plist;
				LD_RUNPATH_SEARCH_PATHS = "$(inherited) @executable_path/Frameworks";
				PRODUCT_NAME = "$(TARGET_NAME)";
			};
			name = Debug;
		};
		2EF14CE019FB80D100FFB904 /* Release */ = {
			isa = XCBuildConfiguration;
			buildSettings = {
				ASSETCATALOG_COMPILER_APPICON_NAME = AppIcon;
				ASSETCATALOG_COMPILER_LAUNCHIMAGE_NAME = LaunchImage;
				INFOPLIST_FILE = TimerAppDemo/Info.plist;
				LD_RUNPATH_SEARCH_PATHS = "$(inherited) @executable_path/Frameworks";
				PRODUCT_NAME = "$(TARGET_NAME)";
			};
			name = Release;
		};
		2EF14CE219FB80D100FFB904 /* Debug */ = {
			isa = XCBuildConfiguration;
			buildSettings = {
				BUNDLE_LOADER = "$(TEST_HOST)";
				FRAMEWORK_SEARCH_PATHS = (
					"$(SDKROOT)/Developer/Library/Frameworks",
					"$(inherited)",
				);
				GCC_PREPROCESSOR_DEFINITIONS = (
					"DEBUG=1",
					"$(inherited)",
				);
				INFOPLIST_FILE = TimerAppDemoTests/Info.plist;
				LD_RUNPATH_SEARCH_PATHS = "$(inherited) @executable_path/Frameworks @loader_path/Frameworks";
				PRODUCT_NAME = "$(TARGET_NAME)";
				TEST_HOST = "$(BUILT_PRODUCTS_DIR)/TimerAppDemo.app/TimerAppDemo";
			};
			name = Debug;
		};
		2EF14CE319FB80D100FFB904 /* Release */ = {
			isa = XCBuildConfiguration;
			buildSettings = {
				BUNDLE_LOADER = "$(TEST_HOST)";
				FRAMEWORK_SEARCH_PATHS = (
					"$(SDKROOT)/Developer/Library/Frameworks",
					"$(inherited)",
				);
				INFOPLIST_FILE = TimerAppDemoTests/Info.plist;
				LD_RUNPATH_SEARCH_PATHS = "$(inherited) @executable_path/Frameworks @loader_path/Frameworks";
				PRODUCT_NAME = "$(TARGET_NAME)";
				TEST_HOST = "$(BUILT_PRODUCTS_DIR)/TimerAppDemo.app/TimerAppDemo";
			};
			name = Release;
		};
/* End XCBuildConfiguration section */

/* Begin XCConfigurationList section */
		2EF14CB319FB80D000FFB904 /* Build configuration list for PBXProject "TimerAppDemo" */ = {
			isa = XCConfigurationList;
			buildConfigurations = (
				2EF14CDC19FB80D100FFB904 /* Debug */,
				2EF14CDD19FB80D100FFB904 /* Release */,
			);
			defaultConfigurationIsVisible = 0;
			defaultConfigurationName = Release;
		};
		2EF14CDE19FB80D100FFB904 /* Build configuration list for PBXNativeTarget "TimerAppDemo" */ = {
			isa = XCConfigurationList;
			buildConfigurations = (
				2EF14CDF19FB80D100FFB904 /* Debug */,
				2EF14CE019FB80D100FFB904 /* Release */,
			);
			defaultConfigurationIsVisible = 0;
			defaultConfigurationName = Release;
		};
		2EF14CE119FB80D100FFB904 /* Build configuration list for PBXNativeTarget "TimerAppDemoTests" */ = {
			isa = XCConfigurationList;
			buildConfigurations = (
				2EF14CE219FB80D100FFB904 /* Debug */,
				2EF14CE319FB80D100FFB904 /* Release */,
			);
			defaultConfigurationIsVisible = 0;
			defaultConfigurationName = Release;
		};
/* End XCConfigurationList section */
	};
	rootObject = 2EF14CB019FB80D000FFB904 /* Project object */;
}
